
Microsoft Visual Studio Solution File, Format Version 12.00
# Visual Studio Version 16
VisualStudioVersion = 16.0.30309.148
MinimumVisualStudioVersion = 10.0.40219.1
Project("{FAE04EC0-301F-11D3-BF4B-00C04F79EFBC}") = "TidepoolToNightScoutSync", "TidepoolToNightScoutSync\TidepoolToNightScoutSync.csproj", "{D591B8A9-98FD-42FD-B171-D77AFA4ADF69}"
EndProject
Project("{FAE04EC0-301F-11D3-BF4B-00C04F79EFBC}") = "TidepoolToNightScoutSync.BL", "TidepoolToNightScoutSync.BL\TidepoolToNightScoutSync.BL.csproj", "{A81D50D5-D20E-42C8-AA68-784DBC747B75}"
EndProject
Global
	GlobalSection(SolutionConfigurationPlatforms) = preSolution
		Debug|Any CPU = Debug|Any CPU
		Release|Any CPU = Release|Any CPU
	EndGlobalSection
	GlobalSection(ProjectConfigurationPlatforms) = postSolution
		{D591B8A9-98FD-42FD-B171-D77AFA4ADF69}.Debug|Any CPU.ActiveCfg = Debug|Any CPU
		{D591B8A9-98FD-42FD-B171-D77AFA4ADF69}.Debug|Any CPU.Build.0 = Debug|Any CPU
		{D591B8A9-98FD-42FD-B171-D77AFA4ADF69}.Release|Any CPU.ActiveCfg = Release|Any CPU
		{D591B8A9-98FD-42FD-B171-D77AFA4ADF69}.Release|Any CPU.Build.0 = Release|Any CPU
		{A81D50D5-D20E-42C8-AA68-784DBC747B75}.Debug|Any CPU.ActiveCfg = Debug|Any CPU
		{A81D50D5-D20E-42C8-AA68-784DBC747B75}.Debug|Any CPU.Build.0 = Debug|Any CPU
		{A81D50D5-D20E-42C8-AA68-784DBC747B75}.Release|Any CPU.ActiveCfg = Release|Any CPU
		{A81D50D5-D20E-42C8-AA68-784DBC747B75}.Release|Any CPU.Build.0 = Release|Any CPU
	EndGlobalSection
	GlobalSection(SolutionProperties) = preSolution
		HideSolutionNode = FALSE
	EndGlobalSection
	GlobalSection(ExtensibilityGlobals) = postSolution
		SolutionGuid = {391D187F-D8D7-4352-9AEF-A4E9B3A028D4}
	EndGlobalSection
EndGlobal
